// !$*UTF8*$!
{
	archiveVersion = 1;
	classes = {
	};
	objectVersion = 60;
	objects = {

/* Begin PBXBuildFile section */
		C05AE6E52DDCF33C00187E0F /* FaceGenerator.swift in Sources */ = {isa = PBXBuildFile; fileRef = C05AE6E42DDCF33C00187E0F /* FaceGenerator.swift */; };
		C0B279202D0FC6180028F55E /* App.swift in Sources */ = {isa = PBXBuildFile; fileRef = C0B2791F2D0FC6180028F55E /* App.swift */; };
		C0B279222D0FC6180028F55E /* ContentView.swift in Sources */ = {isa = PBXBuildFile; fileRef = C0B279212D0FC6180028F55E /* ContentView.swift */; };
		C0B279242D0FC6190028F55E /* Assets.xcassets in Resources */ = {isa = PBXBuildFile; fileRef = C0B279232D0FC6190028F55E /* Assets.xcassets */; };
		C0B2792F2D0FC6870028F55E /* Glorifier in Frameworks */ = {isa = PBXBuildFile; productRef = C0B2792E2D0FC6870028F55E /* Glorifier */; };
		C0B279382D0FC6C40028F55E /* synthesisNetwork.swift in Sources */ = {isa = PBXBuildFile; fileRef = C0B279362D0FC6C40028F55E /* synthesisNetwork.swift */; };
		C0B279392D0FC6C40028F55E /* mappingNetwork.swift in Sources */ = {isa = PBXBuildFile; fileRef = C0B279342D0FC6C40028F55E /* mappingNetwork.swift */; };
		C0B2793A2D0FC6C40028F55E /* synthesisNetwork.mlmodelc in Resources */ = {isa = PBXBuildFile; fileRef = C0B279352D0FC6C40028F55E /* synthesisNetwork.mlmodelc */; };
		C0B2793B2D0FC6C40028F55E /* mappingNetwork.mlmodelc in Resources */ = {isa = PBXBuildFile; fileRef = C0B279332D0FC6C40028F55E /* mappingNetwork.mlmodelc */; };
/* End PBXBuildFile section */

/* Begin PBXFileReference section */
		C05AE6E42DDCF33C00187E0F /* FaceGenerator.swift */ = {isa = PBXFileReference; lastKnownFileType = sourcecode.swift; path = FaceGenerator.swift; sourceTree = "<group>"; };
		C0B2791C2D0FC6180028F55E /* FaceGen.app */ = {isa = PBXFileReference; explicitFileType = wrapper.application; includeInIndex = 0; path = FaceGen.app; sourceTree = BUILT_PRODUCTS_DIR; };
		C0B2791F2D0FC6180028F55E /* App.swift */ = {isa = PBXFileReference; lastKnownFileType = sourcecode.swift; path = App.swift; sourceTree = "<group>"; };
		C0B279212D0FC6180028F55E /* ContentView.swift */ = {isa = PBXFileReference; lastKnownFileType = sourcecode.swift; path = ContentView.swift; sourceTree = "<group>"; };
		C0B279232D0FC6190028F55E /* Assets.xcassets */ = {isa = PBXFileReference; lastKnownFileType = folder.assetcatalog; path = Assets.xcassets; sourceTree = "<group>"; };
		C0B279332D0FC6C40028F55E /* mappingNetwork.mlmodelc */ = {isa = PBXFileReference; lastKnownFileType = wrapper; path = mappingNetwork.mlmodelc; sourceTree = "<group>"; };
		C0B279342D0FC6C40028F55E /* mappingNetwork.swift */ = {isa = PBXFileReference; lastKnownFileType = sourcecode.swift; path = mappingNetwork.swift; sourceTree = "<group>"; };
		C0B279352D0FC6C40028F55E /* synthesisNetwork.mlmodelc */ = {isa = PBXFileReference; lastKnownFileType = wrapper; path = synthesisNetwork.mlmodelc; sourceTree = "<group>"; };
		C0B279362D0FC6C40028F55E /* synthesisNetwork.swift */ = {isa = PBXFileReference; lastKnownFileType = sourcecode.swift; path = synthesisNetwork.swift; sourceTree = "<group>"; };
/* End PBXFileReference section */

/* Begin PBXFrameworksBuildPhase section */
		C0B279192D0FC6180028F55E /* Frameworks */ = {
			isa = PBXFrameworksBuildPhase;
			buildActionMask = 2147483647;
			files = (
				C0B2792F2D0FC6870028F55E /* Glorifier in Frameworks */,
			);
			runOnlyForDeploymentPostprocessing = 0;
		};
/* End PBXFrameworksBuildPhase section */

/* Begin PBXGroup section */
		C0B279132D0FC6180028F55E = {
			isa = PBXGroup;
			children = (
				C0B2791E2D0FC6180028F55E /* FaceGen */,
				C0B2791D2D0FC6180028F55E /* Products */,
			);
			sourceTree = "<group>";
		};
		C0B2791D2D0FC6180028F55E /* Products */ = {
			isa = PBXGroup;
			children = (
				C0B2791C2D0FC6180028F55E /* FaceGen.app */,
			);
			name = Products;
			sourceTree = "<group>";
		};
		C0B2791E2D0FC6180028F55E /* FaceGen */ = {
			isa = PBXGroup;
			children = (
				C0B279372D0FC6C40028F55E /* Models */,
				C0B279232D0FC6190028F55E /* Assets.xcassets */,
				C05AE6E42DDCF33C00187E0F /* FaceGenerator.swift */,
				C0B279212D0FC6180028F55E /* ContentView.swift */,
				C0B2791F2D0FC6180028F55E /* App.swift */,
			);
			path = FaceGen;
			sourceTree = "<group>";
		};
		C0B279372D0FC6C40028F55E /* Models */ = {
			isa = PBXGroup;
			children = (
				C0B279332D0FC6C40028F55E /* mappingNetwork.mlmodelc */,
				C0B279342D0FC6C40028F55E /* mappingNetwork.swift */,
				C0B279352D0FC6C40028F55E /* synthesisNetwork.mlmodelc */,
				C0B279362D0FC6C40028F55E /* synthesisNetwork.swift */,
			);
			path = Models;
			sourceTree = "<group>";
		};
/* End PBXGroup section */

/* Begin PBXNativeTarget section */
		C0B2791B2D0FC6180028F55E /* FaceGen */ = {
			isa = PBXNativeTarget;
			buildConfigurationList = C0B2792A2D0FC6190028F55E /* Build configuration list for PBXNativeTarget "FaceGen" */;
			buildPhases = (
				C0B279182D0FC6180028F55E /* Sources */,
				C0B279192D0FC6180028F55E /* Frameworks */,
				C0B2791A2D0FC6180028F55E /* Resources */,
			);
			buildRules = (
			);
			dependencies = (
			);
			name = FaceGen;
			packageProductDependencies = (
				C0B2792E2D0FC6870028F55E /* Glorifier */,
			);
			productName = FaceGen;
			productReference = C0B2791C2D0FC6180028F55E /* FaceGen.app */;
			productType = "com.apple.product-type.application";
		};
/* End PBXNativeTarget section */

/* Begin PBXProject section */
		C0B279142D0FC6180028F55E /* Project object */ = {
			isa = PBXProject;
			attributes = {
				BuildIndependentTargetsInParallel = 1;
				LastSwiftUpdateCheck = 1600;
				LastUpgradeCheck = 1600;
				TargetAttributes = {
					C0B2791B2D0FC6180028F55E = {
						CreatedOnToolsVersion = 16.0;
					};
				};
			};
			buildConfigurationList = C0B279172D0FC6180028F55E /* Build configuration list for PBXProject "FaceGen" */;
			compatibilityVersion = "Xcode 15.0";
			developmentRegion = en;
			hasScannedForEncodings = 0;
			knownRegions = (
				en,
				Base,
			);
			mainGroup = C0B279132D0FC6180028F55E;
			packageReferences = (
				C0B2792D2D0FC6870028F55E /* XCRemoteSwiftPackageReference "Glorifier" */,
			);
			productRefGroup = C0B2791D2D0FC6180028F55E /* Products */;
			projectDirPath = "";
			projectRoot = "";
			targets = (
				C0B2791B2D0FC6180028F55E /* FaceGen */,
			);
		};
/* End PBXProject section */

/* Begin PBXResourcesBuildPhase section */
		C0B2791A2D0FC6180028F55E /* Resources */ = {
			isa = PBXResourcesBuildPhase;
			buildActionMask = 2147483647;
			files = (
				C0B279242D0FC6190028F55E /* Assets.xcassets in Resources */,
				C0B2793A2D0FC6C40028F55E /* synthesisNetwork.mlmodelc in Resources */,
				C0B2793B2D0FC6C40028F55E /* mappingNetwork.mlmodelc in Resources */,
			);
			runOnlyForDeploymentPostprocessing = 0;
		};
/* End PBXResourcesBuildPhase section */

/* Begin PBXSourcesBuildPhase section */
		C0B279182D0FC6180028F55E /* Sources */ = {
			isa = PBXSourcesBuildPhase;
			buildActionMask = 2147483647;
			files = (
				C0B279222D0FC6180028F55E /* ContentView.swift in Sources */,
				C05AE6E52DDCF33C00187E0F /* FaceGenerator.swift in Sources */,
				C0B279382D0FC6C40028F55E /* synthesisNetwork.swift in Sources */,
				C0B279392D0FC6C40028F55E /* mappingNetwork.swift in Sources */,
				C0B279202D0FC6180028F55E /* App.swift in Sources */,
			);
			runOnlyForDeploymentPostprocessing = 0;
		};
/* End PBXSourcesBuildPhase section */

/* Begin XCBuildConfiguration section */
		C0B279282D0FC6190028F55E /* Debug */ = {
			isa = XCBuildConfiguration;
			buildSettings = {
				ALWAYS_SEARCH_USER_PATHS = NO;
				ASSETCATALOG_COMPILER_GENERATE_SWIFT_ASSET_SYMBOL_EXTENSIONS = YES;
				CLANG_ANALYZER_NONNULL = YES;
				CLANG_ANALYZER_NUMBER_OBJECT_CONVERSION = YES_AGGRESSIVE;
				CLANG_CXX_LANGUAGE_STANDARD = "gnu++20";
				CLANG_ENABLE_MODULES = YES;
				CLANG_ENABLE_OBJC_ARC = YES;
				CLANG_ENABLE_OBJC_WEAK = YES;
				CLANG_WARN_BLOCK_CAPTURE_AUTORELEASING = YES;
				CLANG_WARN_BOOL_CONVERSION = YES;
				CLANG_WARN_COMMA = YES;
				CLANG_WARN_CONSTANT_CONVERSION = YES;
				CLANG_WARN_DEPRECATED_OBJC_IMPLEMENTATIONS = YES;
				CLANG_WARN_DIRECT_OBJC_ISA_USAGE = YES_ERROR;
				CLANG_WARN_DOCUMENTATION_COMMENTS = YES;
				CLANG_WARN_EMPTY_BODY = YES;
				CLANG_WARN_ENUM_CONVERSION = YES;
				CLANG_WARN_INFINITE_RECURSION = YES;
				CLANG_WARN_INT_CONVERSION = YES;
				CLANG_WARN_NON_LITERAL_NULL_CONVERSION = YES;
				CLANG_WARN_OBJC_IMPLICIT_RETAIN_SELF = YES;
				CLANG_WARN_OBJC_LITERAL_CONVERSION = YES;
				CLANG_WARN_OBJC_ROOT_CLASS = YES_ERROR;
				CLANG_WARN_QUOTED_INCLUDE_IN_FRAMEWORK_HEADER = YES;
				CLANG_WARN_RANGE_LOOP_ANALYSIS = YES;
				CLANG_WARN_STRICT_PROTOTYPES = YES;
				CLANG_WARN_SUSPICIOUS_MOVE = YES;
				CLANG_WARN_UNGUARDED_AVAILABILITY = YES_AGGRESSIVE;
				CLANG_WARN_UNREACHABLE_CODE = YES;
				CLANG_WARN__DUPLICATE_METHOD_MATCH = YES;
				COPY_PHASE_STRIP = NO;
				DEBUG_INFORMATION_FORMAT = dwarf;
				ENABLE_STRICT_OBJC_MSGSEND = YES;
				ENABLE_TESTABILITY = YES;
				ENABLE_USER_SCRIPT_SANDBOXING = YES;
				GCC_C_LANGUAGE_STANDARD = gnu17;
				GCC_DYNAMIC_NO_PIC = NO;
				GCC_NO_COMMON_BLOCKS = YES;
				GCC_OPTIMIZATION_LEVEL = 0;
				GCC_PREPROCESSOR_DEFINITIONS = (
					"DEBUG=1",
					"$(inherited)",
				);
				GCC_WARN_64_TO_32_BIT_CONVERSION = YES;
				GCC_WARN_ABOUT_RETURN_TYPE = YES_ERROR;
				GCC_WARN_UNDECLARED_SELECTOR = YES;
				GCC_WARN_UNINITIALIZED_AUTOS = YES_AGGRESSIVE;
				GCC_WARN_UNUSED_FUNCTION = YES;
				GCC_WARN_UNUSED_VARIABLE = YES;
				IPHONEOS_DEPLOYMENT_TARGET = 18.0;
				LOCALIZATION_PREFERS_STRING_CATALOGS = YES;
				MTL_ENABLE_DEBUG_INFO = INCLUDE_SOURCE;
				MTL_FAST_MATH = YES;
				ONLY_ACTIVE_ARCH = YES;
				SDKROOT = iphoneos;
				SWIFT_ACTIVE_COMPILATION_CONDITIONS = "DEBUG $(inherited)";
				SWIFT_OPTIMIZATION_LEVEL = "-Onone";
			};
			name = Debug;
		};
		C0B279292D0FC6190028F55E /* Release */ = {
			isa = XCBuildConfiguration;
			buildSettings = {
				ALWAYS_SEARCH_USER_PATHS = NO;
				ASSETCATALOG_COMPILER_GENERATE_SWIFT_ASSET_SYMBOL_EXTENSIONS = YES;
				CLANG_ANALYZER_NONNULL = YES;
				CLANG_ANALYZER_NUMBER_OBJECT_CONVERSION = YES_AGGRESSIVE;
				CLANG_CXX_LANGUAGE_STANDARD = "gnu++20";
				CLANG_ENABLE_MODULES = YES;
				CLANG_ENABLE_OBJC_ARC = YES;
				CLANG_ENABLE_OBJC_WEAK = YES;
				CLANG_WARN_BLOCK_CAPTURE_AUTORELEASING = YES;
				CLANG_WARN_BOOL_CONVERSION = YES;
				CLANG_WARN_COMMA = YES;
				CLANG_WARN_CONSTANT_CONVERSION = YES;
				CLANG_WARN_DEPRECATED_OBJC_IMPLEMENTATIONS = YES;
				CLANG_WARN_DIRECT_OBJC_ISA_USAGE = YES_ERROR;
				CLANG_WARN_DOCUMENTATION_COMMENTS = YES;
				CLANG_WARN_EMPTY_BODY = YES;
				CLANG_WARN_ENUM_CONVERSION = YES;
				CLANG_WARN_INFINITE_RECURSION = YES;
				CLANG_WARN_INT_CONVERSION = YES;
				CLANG_WARN_NON_LITERAL_NULL_CONVERSION = YES;
				CLANG_WARN_OBJC_IMPLICIT_RETAIN_SELF = YES;
				CLANG_WARN_OBJC_LITERAL_CONVERSION = YES;
				CLANG_WARN_OBJC_ROOT_CLASS = YES_ERROR;
				CLANG_WARN_QUOTED_INCLUDE_IN_FRAMEWORK_HEADER = YES;
				CLANG_WARN_RANGE_LOOP_ANALYSIS = YES;
				CLANG_WARN_STRICT_PROTOTYPES = YES;
				CLANG_WARN_SUSPICIOUS_MOVE = YES;
				CLANG_WARN_UNGUARDED_AVAILABILITY = YES_AGGRESSIVE;
				CLANG_WARN_UNREACHABLE_CODE = YES;
				CLANG_WARN__DUPLICATE_METHOD_MATCH = YES;
				COPY_PHASE_STRIP = NO;
				DEBUG_INFORMATION_FORMAT = "dwarf-with-dsym";
				ENABLE_NS_ASSERTIONS = NO;
				ENABLE_STRICT_OBJC_MSGSEND = YES;
				ENABLE_USER_SCRIPT_SANDBOXING = YES;
				GCC_C_LANGUAGE_STANDARD = gnu17;
				GCC_NO_COMMON_BLOCKS = YES;
				GCC_WARN_64_TO_32_BIT_CONVERSION = YES;
				GCC_WARN_ABOUT_RETURN_TYPE = YES_ERROR;
				GCC_WARN_UNDECLARED_SELECTOR = YES;
				GCC_WARN_UNINITIALIZED_AUTOS = YES_AGGRESSIVE;
				GCC_WARN_UNUSED_FUNCTION = YES;
				GCC_WARN_UNUSED_VARIABLE = YES;
				IPHONEOS_DEPLOYMENT_TARGET = 18.0;
				LOCALIZATION_PREFERS_STRING_CATALOGS = YES;
				MTL_ENABLE_DEBUG_INFO = NO;
				MTL_FAST_MATH = YES;
				SDKROOT = iphoneos;
				SWIFT_COMPILATION_MODE = wholemodule;
				VALIDATE_PRODUCT = YES;
			};
			name = Release;
		};
		C0B2792B2D0FC6190028F55E /* Debug */ = {
			isa = XCBuildConfiguration;
			buildSettings = {
				ASSETCATALOG_COMPILER_APPICON_NAME = AppIcon;
				ASSETCATALOG_COMPILER_GLOBAL_ACCENT_COLOR_NAME = AccentColor;
				CODE_SIGN_STYLE = Automatic;
				CURRENT_PROJECT_VERSION = 1;
				DEVELOPMENT_TEAM = 48S57XVT54;
				ENABLE_PREVIEWS = YES;
				GENERATE_INFOPLIST_FILE = YES;
				INFOPLIST_KEY_NSPhotoLibraryAddUsageDescription = "Allow It";
				INFOPLIST_KEY_UIApplicationSceneManifest_Generation = YES;
				INFOPLIST_KEY_UIApplicationSupportsIndirectInputEvents = YES;
				INFOPLIST_KEY_UILaunchScreen_Generation = YES;
				INFOPLIST_KEY_UISupportedInterfaceOrientations = UIInterfaceOrientationPortrait;
				INFOPLIST_KEY_UISupportedInterfaceOrientations_iPad = "UIInterfaceOrientationLandscapeLeft UIInterfaceOrientationLandscapeRight UIInterfaceOrientationPortrait UIInterfaceOrientationPortraitUpsideDown";
				IPHONEOS_DEPLOYMENT_TARGET = 16.0;
				LD_RUNPATH_SEARCH_PATHS = (
					"$(inherited)",
					"@executable_path/Frameworks",
				);
				MARKETING_VERSION = 1.0;
				PRODUCT_BUNDLE_IDENTIFIER = com.app.FaceGen;
				PRODUCT_NAME = "$(TARGET_NAME)";
				SUPPORTED_PLATFORMS = "iphoneos iphonesimulator";
				SUPPORTS_MACCATALYST = NO;
				SUPPORTS_MAC_DESIGNED_FOR_IPHONE_IPAD = NO;
				SUPPORTS_XR_DESIGNED_FOR_IPHONE_IPAD = NO;
				SWIFT_EMIT_LOC_STRINGS = YES;
				SWIFT_VERSION = 5.0;
				TARGETED_DEVICE_FAMILY = "1,2";
			};
			name = Debug;
		};
		C0B2792C2D0FC6190028F55E /* Release */ = {
			isa = XCBuildConfiguration;
			buildSettings = {
				ASSETCATALOG_COMPILER_APPICON_NAME = AppIcon;
				ASSETCATALOG_COMPILER_GLOBAL_ACCENT_COLOR_NAME = AccentColor;
				CODE_SIGN_STYLE = Automatic;
				CURRENT_PROJECT_VERSION = 1;
				DEVELOPMENT_TEAM = 48S57XVT54;
				ENABLE_PREVIEWS = YES;
				GENERATE_INFOPLIST_FILE = YES;
				INFOPLIST_KEY_NSPhotoLibraryAddUsageDescription = "Allow It";
				INFOPLIST_KEY_UIApplicationSceneManifest_Generation = YES;
				INFOPLIST_KEY_UIApplicationSupportsIndirectInputEvents = YES;
				INFOPLIST_KEY_UILaunchScreen_Generation = YES;
				INFOPLIST_KEY_UISupportedInterfaceOrientations = UIInterfaceOrientationPortrait;
				INFOPLIST_KEY_UISupportedInterfaceOrientations_iPad = "UIInterfaceOrientationLandscapeLeft UIInterfaceOrientationLandscapeRight UIInterfaceOrientationPortrait UIInterfaceOrientationPortraitUpsideDown";
				IPHONEOS_DEPLOYMENT_TARGET = 16.0;
				LD_RUNPATH_SEARCH_PATHS = (
					"$(inherited)",
					"@executable_path/Frameworks",
				);
				MARKETING_VERSION = 1.0;
				PRODUCT_BUNDLE_IDENTIFIER = com.app.FaceGen;
				PRODUCT_NAME = "$(TARGET_NAME)";
				SUPPORTED_PLATFORMS = "iphoneos iphonesimulator";
				SUPPORTS_MACCATALYST = NO;
				SUPPORTS_MAC_DESIGNED_FOR_IPHONE_IPAD = NO;
				SUPPORTS_XR_DESIGNED_FOR_IPHONE_IPAD = NO;
				SWIFT_EMIT_LOC_STRINGS = YES;
				SWIFT_VERSION = 5.0;
				TARGETED_DEVICE_FAMILY = "1,2";
			};
			name = Release;
		};
/* End XCBuildConfiguration section */

/* Begin XCConfigurationList section */
		C0B279172D0FC6180028F55E /* Build configuration list for PBXProject "FaceGen" */ = {
			isa = XCConfigurationList;
			buildConfigurations = (
				C0B279282D0FC6190028F55E /* Debug */,
				C0B279292D0FC6190028F55E /* Release */,
			);
			defaultConfigurationIsVisible = 0;
			defaultConfigurationName = Release;
		};
		C0B2792A2D0FC6190028F55E /* Build configuration list for PBXNativeTarget "FaceGen" */ = {
			isa = XCConfigurationList;
			buildConfigurations = (
				C0B2792B2D0FC6190028F55E /* Debug */,
				C0B2792C2D0FC6190028F55E /* Release */,
			);
			defaultConfigurationIsVisible = 0;
			defaultConfigurationName = Release;
		};
/* End XCConfigurationList section */

/* Begin XCRemoteSwiftPackageReference section */
		C0B2792D2D0FC6870028F55E /* XCRemoteSwiftPackageReference "Glorifier" */ = {
			isa = XCRemoteSwiftPackageReference;
			repositoryURL = "https://github.com/no-comment/Glorifier";
			requirement = {
				branch = main;
				kind = branch;
			};
		};
/* End XCRemoteSwiftPackageReference section */

/* Begin XCSwiftPackageProductDependency section */
		C0B2792E2D0FC6870028F55E /* Glorifier */ = {
			isa = XCSwiftPackageProductDependency;
			package = C0B2792D2D0FC6870028F55E /* XCRemoteSwiftPackageReference "Glorifier" */;
			productName = Glorifier;
		};
/* End XCSwiftPackageProductDependency section */
	};
	rootObject = C0B279142D0FC6180028F55E /* Project object */;
}
